
Microsoft Visual Studio Solution File, Format Version 12.00
# Visual Studio Version 17
VisualStudioVersion = 17.4.33213.308
MinimumVisualStudioVersion = 10.0.40219.1
Project("{9A19103F-16F7-4668-BE54-9A1E7A4F7556}") = "WebAPI", "WebAPI\WebAPI.csproj", "{B968746D-48BF-49DC-97F3-D2A5E2A2C7EC}"
EndProject
Project("{9A19103F-16F7-4668-BE54-9A1E7A4F7556}") = "MobileApp", "MobileApp\MobileApp.csproj", "{811509EF-77EF-42EF-BAFF-33785F82C5C6}"
EndProject
Project("{9A19103F-16F7-4668-BE54-9A1E7A4F7556}") = "WebAppMVC", "WebAppMVC\WebAppMVC.csproj", "{E69500C3-EC7C-4DD9-B729-22FE92430A62}"
EndProject
Project("{FAE04EC0-301F-11D3-BF4B-00C04F79EFBC}") = "IoTApp", "IoTApp\IoTApp.csproj", "{E14D46A8-EA63-451B-AA23-3F4AA05B6300}"
EndProject
Project("{9A19103F-16F7-4668-BE54-9A1E7A4F7556}") = "DesktopApp", "DesktopApp\DesktopApp.csproj", "{B2C3F444-74FA-485B-AB6F-19B7C9C40627}"
EndProject
Project("{9A19103F-16F7-4668-BE54-9A1E7A4F7556}") = "TerminalApp", "TerminalApp\TerminalApp.csproj", "{50B3C422-BAA1-49D9-8EAA-117B276EA967}"
EndProject
Project("{FAE04EC0-301F-11D3-BF4B-00C04F79EFBC}") = "MobileAppV2", "MobileAppV2\MobileAppV2.csproj", "{8DBF8AE9-2CDD-458D-90EC-0CD14DA4707F}"
EndProject
Global
	GlobalSection(SolutionConfigurationPlatforms) = preSolution
		Debug|Any CPU = Debug|Any CPU
		Debug|ARM = Debug|ARM
		Debug|ARM64 = Debug|ARM64
		Debug|x64 = Debug|x64
		Debug|x86 = Debug|x86
		Release|Any CPU = Release|Any CPU
		Release|ARM = Release|ARM
		Release|ARM64 = Release|ARM64
		Release|x64 = Release|x64
		Release|x86 = Release|x86
	EndGlobalSection
	GlobalSection(ProjectConfigurationPlatforms) = postSolution
		{B968746D-48BF-49DC-97F3-D2A5E2A2C7EC}.Debug|Any CPU.ActiveCfg = Debug|Any CPU
		{B968746D-48BF-49DC-97F3-D2A5E2A2C7EC}.Debug|Any CPU.Build.0 = Debug|Any CPU
		{B968746D-48BF-49DC-97F3-D2A5E2A2C7EC}.Debug|ARM.ActiveCfg = Debug|Any CPU
		{B968746D-48BF-49DC-97F3-D2A5E2A2C7EC}.Debug|ARM.Build.0 = Debug|Any CPU
		{B968746D-48BF-49DC-97F3-D2A5E2A2C7EC}.Debug|ARM64.ActiveCfg = Debug|Any CPU
		{B968746D-48BF-49DC-97F3-D2A5E2A2C7EC}.Debug|ARM64.Build.0 = Debug|Any CPU
		{B968746D-48BF-49DC-97F3-D2A5E2A2C7EC}.Debug|x64.ActiveCfg = Debug|Any CPU
		{B968746D-48BF-49DC-97F3-D2A5E2A2C7EC}.Debug|x64.Build.0 = Debug|Any CPU
		{B968746D-48BF-49DC-97F3-D2A5E2A2C7EC}.Debug|x86.ActiveCfg = Debug|Any CPU
		{B968746D-48BF-49DC-97F3-D2A5E2A2C7EC}.Debug|x86.Build.0 = Debug|Any CPU
		{B968746D-48BF-49DC-97F3-D2A5E2A2C7EC}.Release|Any CPU.ActiveCfg = Release|Any CPU
		{B968746D-48BF-49DC-97F3-D2A5E2A2C7EC}.Release|Any CPU.Build.0 = Release|Any CPU
		{B968746D-48BF-49DC-97F3-D2A5E2A2C7EC}.Release|ARM.ActiveCfg = Release|Any CPU
		{B968746D-48BF-49DC-97F3-D2A5E2A2C7EC}.Release|ARM.Build.0 = Release|Any CPU
		{B968746D-48BF-49DC-97F3-D2A5E2A2C7EC}.Release|ARM64.ActiveCfg = Release|Any CPU
		{B968746D-48BF-49DC-97F3-D2A5E2A2C7EC}.Release|ARM64.Build.0 = Release|Any CPU
		{B968746D-48BF-49DC-97F3-D2A5E2A2C7EC}.Release|x64.ActiveCfg = Release|Any CPU
		{B968746D-48BF-49DC-97F3-D2A5E2A2C7EC}.Release|x64.Build.0 = Release|Any CPU
		{B968746D-48BF-49DC-97F3-D2A5E2A2C7EC}.Release|x86.ActiveCfg = Release|Any CPU
		{B968746D-48BF-49DC-97F3-D2A5E2A2C7EC}.Release|x86.Build.0 = Release|Any CPU
		{811509EF-77EF-42EF-BAFF-33785F82C5C6}.Debug|Any CPU.ActiveCfg = Debug|Any CPU
		{811509EF-77EF-42EF-BAFF-33785F82C5C6}.Debug|Any CPU.Build.0 = Debug|Any CPU
		{811509EF-77EF-42EF-BAFF-33785F82C5C6}.Debug|Any CPU.Deploy.0 = Debug|Any CPU
		{811509EF-77EF-42EF-BAFF-33785F82C5C6}.Debug|ARM.ActiveCfg = Debug|Any CPU
		{811509EF-77EF-42EF-BAFF-33785F82C5C6}.Debug|ARM.Build.0 = Debug|Any CPU
		{811509EF-77EF-42EF-BAFF-33785F82C5C6}.Debug|ARM.Deploy.0 = Debug|Any CPU
		{811509EF-77EF-42EF-BAFF-33785F82C5C6}.Debug|ARM64.ActiveCfg = Debug|Any CPU
		{811509EF-77EF-42EF-BAFF-33785F82C5C6}.Debug|ARM64.Build.0 = Debug|Any CPU
		{811509EF-77EF-42EF-BAFF-33785F82C5C6}.Debug|ARM64.Deploy.0 = Debug|Any CPU
		{811509EF-77EF-42EF-BAFF-33785F82C5C6}.Debug|x64.ActiveCfg = Debug|Any CPU
		{811509EF-77EF-42EF-BAFF-33785F82C5C6}.Debug|x64.Build.0 = Debug|Any CPU
		{811509EF-77EF-42EF-BAFF-33785F82C5C6}.Debug|x64.Deploy.0 = Debug|Any CPU
		{811509EF-77EF-42EF-BAFF-33785F82C5C6}.Debug|x86.ActiveCfg = Debug|Any CPU
		{811509EF-77EF-42EF-BAFF-33785F82C5C6}.Debug|x86.Build.0 = Debug|Any CPU
		{811509EF-77EF-42EF-BAFF-33785F82C5C6}.Debug|x86.Deploy.0 = Debug|Any CPU
		{811509EF-77EF-42EF-BAFF-33785F82C5C6}.Release|Any CPU.ActiveCfg = Release|Any CPU
		{811509EF-77EF-42EF-BAFF-33785F82C5C6}.Release|Any CPU.Build.0 = Release|Any CPU
		{811509EF-77EF-42EF-BAFF-33785F82C5C6}.Release|Any CPU.Deploy.0 = Release|Any CPU
		{811509EF-77EF-42EF-BAFF-33785F82C5C6}.Release|ARM.ActiveCfg = Release|Any CPU
		{811509EF-77EF-42EF-BAFF-33785F82C5C6}.Release|ARM.Build.0 = Release|Any CPU
		{811509EF-77EF-42EF-BAFF-33785F82C5C6}.Release|ARM.Deploy.0 = Release|Any CPU
		{811509EF-77EF-42EF-BAFF-33785F82C5C6}.Release|ARM64.ActiveCfg = Release|Any CPU
		{811509EF-77EF-42EF-BAFF-33785F82C5C6}.Release|ARM64.Build.0 = Release|Any CPU
		{811509EF-77EF-42EF-BAFF-33785F82C5C6}.Release|ARM64.Deploy.0 = Release|Any CPU
		{811509EF-77EF-42EF-BAFF-33785F82C5C6}.Release|x64.ActiveCfg = Release|Any CPU
		{811509EF-77EF-42EF-BAFF-33785F82C5C6}.Release|x64.Build.0 = Release|Any CPU
		{811509EF-77EF-42EF-BAFF-33785F82C5C6}.Release|x64.Deploy.0 = Release|Any CPU
		{811509EF-77EF-42EF-BAFF-33785F82C5C6}.Release|x86.ActiveCfg = Release|Any CPU
		{811509EF-77EF-42EF-BAFF-33785F82C5C6}.Release|x86.Build.0 = Release|Any CPU
		{811509EF-77EF-42EF-BAFF-33785F82C5C6}.Release|x86.Deploy.0 = Release|Any CPU
		{E69500C3-EC7C-4DD9-B729-22FE92430A62}.Debug|Any CPU.ActiveCfg = Debug|Any CPU
		{E69500C3-EC7C-4DD9-B729-22FE92430A62}.Debug|Any CPU.Build.0 = Debug|Any CPU
		{E69500C3-EC7C-4DD9-B729-22FE92430A62}.Debug|ARM.ActiveCfg = Debug|Any CPU
		{E69500C3-EC7C-4DD9-B729-22FE92430A62}.Debug|ARM.Build.0 = Debug|Any CPU
		{E69500C3-EC7C-4DD9-B729-22FE92430A62}.Debug|ARM64.ActiveCfg = Debug|Any CPU
		{E69500C3-EC7C-4DD9-B729-22FE92430A62}.Debug|ARM64.Build.0 = Debug|Any CPU
		{E69500C3-EC7C-4DD9-B729-22FE92430A62}.Debug|x64.ActiveCfg = Debug|Any CPU
		{E69500C3-EC7C-4DD9-B729-22FE92430A62}.Debug|x64.Build.0 = Debug|Any CPU
		{E69500C3-EC7C-4DD9-B729-22FE92430A62}.Debug|x86.ActiveCfg = Debug|Any CPU
		{E69500C3-EC7C-4DD9-B729-22FE92430A62}.Debug|x86.Build.0 = Debug|Any CPU
		{E69500C3-EC7C-4DD9-B729-22FE92430A62}.Release|Any CPU.ActiveCfg = Release|Any CPU
		{E69500C3-EC7C-4DD9-B729-22FE92430A62}.Release|Any CPU.Build.0 = Release|Any CPU
		{E69500C3-EC7C-4DD9-B729-22FE92430A62}.Release|ARM.ActiveCfg = Release|Any CPU
		{E69500C3-EC7C-4DD9-B729-22FE92430A62}.Release|ARM.Build.0 = Release|Any CPU
		{E69500C3-EC7C-4DD9-B729-22FE92430A62}.Release|ARM64.ActiveCfg = Release|Any CPU
		{E69500C3-EC7C-4DD9-B729-22FE92430A62}.Release|ARM64.Build.0 = Release|Any CPU
		{E69500C3-EC7C-4DD9-B729-22FE92430A62}.Release|x64.ActiveCfg = Release|Any CPU
		{E69500C3-EC7C-4DD9-B729-22FE92430A62}.Release|x64.Build.0 = Release|Any CPU
		{E69500C3-EC7C-4DD9-B729-22FE92430A62}.Release|x86.ActiveCfg = Release|Any CPU
		{E69500C3-EC7C-4DD9-B729-22FE92430A62}.Release|x86.Build.0 = Release|Any CPU
		{E14D46A8-EA63-451B-AA23-3F4AA05B6300}.Debug|Any CPU.ActiveCfg = Debug|x64
		{E14D46A8-EA63-451B-AA23-3F4AA05B6300}.Debug|Any CPU.Build.0 = Debug|x64
		{E14D46A8-EA63-451B-AA23-3F4AA05B6300}.Debug|Any CPU.Deploy.0 = Debug|x64
		{E14D46A8-EA63-451B-AA23-3F4AA05B6300}.Debug|ARM.ActiveCfg = Debug|ARM
		{E14D46A8-EA63-451B-AA23-3F4AA05B6300}.Debug|ARM.Build.0 = Debug|ARM
		{E14D46A8-EA63-451B-AA23-3F4AA05B6300}.Debug|ARM.Deploy.0 = Debug|ARM
		{E14D46A8-EA63-451B-AA23-3F4AA05B6300}.Debug|ARM64.ActiveCfg = Debug|ARM64
		{E14D46A8-EA63-451B-AA23-3F4AA05B6300}.Debug|ARM64.Build.0 = Debug|ARM64
		{E14D46A8-EA63-451B-AA23-3F4AA05B6300}.Debug|ARM64.Deploy.0 = Debug|ARM64
		{E14D46A8-EA63-451B-AA23-3F4AA05B6300}.Debug|x64.ActiveCfg = Debug|x64
		{E14D46A8-EA63-451B-AA23-3F4AA05B6300}.Debug|x64.Build.0 = Debug|x64
		{E14D46A8-EA63-451B-AA23-3F4AA05B6300}.Debug|x64.Deploy.0 = Debug|x64
		{E14D46A8-EA63-451B-AA23-3F4AA05B6300}.Debug|x86.ActiveCfg = Debug|x86
		{E14D46A8-EA63-451B-AA23-3F4AA05B6300}.Debug|x86.Build.0 = Debug|x86
		{E14D46A8-EA63-451B-AA23-3F4AA05B6300}.Debug|x86.Deploy.0 = Debug|x86
		{E14D46A8-EA63-451B-AA23-3F4AA05B6300}.Release|Any CPU.ActiveCfg = Release|x64
		{E14D46A8-EA63-451B-AA23-3F4AA05B6300}.Release|Any CPU.Build.0 = Release|x64
		{E14D46A8-EA63-451B-AA23-3F4AA05B6300}.Release|Any CPU.Deploy.0 = Release|x64
		{E14D46A8-EA63-451B-AA23-3F4AA05B6300}.Release|ARM.ActiveCfg = Release|ARM
		{E14D46A8-EA63-451B-AA23-3F4AA05B6300}.Release|ARM.Build.0 = Release|ARM
		{E14D46A8-EA63-451B-AA23-3F4AA05B6300}.Release|ARM.Deploy.0 = Release|ARM
		{E14D46A8-EA63-451B-AA23-3F4AA05B6300}.Release|ARM64.ActiveCfg = Release|ARM64
		{E14D46A8-EA63-451B-AA23-3F4AA05B6300}.Release|ARM64.Build.0 = Release|ARM64
		{E14D46A8-EA63-451B-AA23-3F4AA05B6300}.Release|ARM64.Deploy.0 = Release|ARM64
		{E14D46A8-EA63-451B-AA23-3F4AA05B6300}.Release|x64.ActiveCfg = Release|x64
		{E14D46A8-EA63-451B-AA23-3F4AA05B6300}.Release|x64.Build.0 = Release|x64
		{E14D46A8-EA63-451B-AA23-3F4AA05B6300}.Release|x64.Deploy.0 = Release|x64
		{E14D46A8-EA63-451B-AA23-3F4AA05B6300}.Release|x86.ActiveCfg = Release|x86
		{E14D46A8-EA63-451B-AA23-3F4AA05B6300}.Release|x86.Build.0 = Release|x86
		{E14D46A8-EA63-451B-AA23-3F4AA05B6300}.Release|x86.Deploy.0 = Release|x86
		{B2C3F444-74FA-485B-AB6F-19B7C9C40627}.Debug|Any CPU.ActiveCfg = Debug|Any CPU
		{B2C3F444-74FA-485B-AB6F-19B7C9C40627}.Debug|Any CPU.Build.0 = Debug|Any CPU
		{B2C3F444-74FA-485B-AB6F-19B7C9C40627}.Debug|ARM.ActiveCfg = Debug|Any CPU
		{B2C3F444-74FA-485B-AB6F-19B7C9C40627}.Debug|ARM.Build.0 = Debug|Any CPU
		{B2C3F444-74FA-485B-AB6F-19B7C9C40627}.Debug|ARM64.ActiveCfg = Debug|Any CPU
		{B2C3F444-74FA-485B-AB6F-19B7C9C40627}.Debug|ARM64.Build.0 = Debug|Any CPU
		{B2C3F444-74FA-485B-AB6F-19B7C9C40627}.Debug|x64.ActiveCfg = Debug|Any CPU
		{B2C3F444-74FA-485B-AB6F-19B7C9C40627}.Debug|x64.Build.0 = Debug|Any CPU
		{B2C3F444-74FA-485B-AB6F-19B7C9C40627}.Debug|x86.ActiveCfg = Debug|Any CPU
		{B2C3F444-74FA-485B-AB6F-19B7C9C40627}.Debug|x86.Build.0 = Debug|Any CPU
		{B2C3F444-74FA-485B-AB6F-19B7C9C40627}.Release|Any CPU.ActiveCfg = Release|Any CPU
		{B2C3F444-74FA-485B-AB6F-19B7C9C40627}.Release|Any CPU.Build.0 = Release|Any CPU
		{B2C3F444-74FA-485B-AB6F-19B7C9C40627}.Release|ARM.ActiveCfg = Release|Any CPU
		{B2C3F444-74FA-485B-AB6F-19B7C9C40627}.Release|ARM.Build.0 = Release|Any CPU
		{B2C3F444-74FA-485B-AB6F-19B7C9C40627}.Release|ARM64.ActiveCfg = Release|Any CPU
		{B2C3F444-74FA-485B-AB6F-19B7C9C40627}.Release|ARM64.Build.0 = Release|Any CPU
		{B2C3F444-74FA-485B-AB6F-19B7C9C40627}.Release|x64.ActiveCfg = Release|Any CPU
		{B2C3F444-74FA-485B-AB6F-19B7C9C40627}.Release|x64.Build.0 = Release|Any CPU
		{B2C3F444-74FA-485B-AB6F-19B7C9C40627}.Release|x86.ActiveCfg = Release|Any CPU
		{B2C3F444-74FA-485B-AB6F-19B7C9C40627}.Release|x86.Build.0 = Release|Any CPU
		{50B3C422-BAA1-49D9-8EAA-117B276EA967}.Debug|Any CPU.ActiveCfg = Debug|Any CPU
		{50B3C422-BAA1-49D9-8EAA-117B276EA967}.Debug|Any CPU.Build.0 = Debug|Any CPU
		{50B3C422-BAA1-49D9-8EAA-117B276EA967}.Debug|ARM.ActiveCfg = Debug|Any CPU
		{50B3C422-BAA1-49D9-8EAA-117B276EA967}.Debug|ARM.Build.0 = Debug|Any CPU
		{50B3C422-BAA1-49D9-8EAA-117B276EA967}.Debug|ARM64.ActiveCfg = Debug|Any CPU
		{50B3C422-BAA1-49D9-8EAA-117B276EA967}.Debug|ARM64.Build.0 = Debug|Any CPU
		{50B3C422-BAA1-49D9-8EAA-117B276EA967}.Debug|x64.ActiveCfg = Debug|Any CPU
		{50B3C422-BAA1-49D9-8EAA-117B276EA967}.Debug|x64.Build.0 = Debug|Any CPU
		{50B3C422-BAA1-49D9-8EAA-117B276EA967}.Debug|x86.ActiveCfg = Debug|Any CPU
		{50B3C422-BAA1-49D9-8EAA-117B276EA967}.Debug|x86.Build.0 = Debug|Any CPU
		{50B3C422-BAA1-49D9-8EAA-117B276EA967}.Release|Any CPU.ActiveCfg = Release|Any CPU
		{50B3C422-BAA1-49D9-8EAA-117B276EA967}.Release|Any CPU.Build.0 = Release|Any CPU
		{50B3C422-BAA1-49D9-8EAA-117B276EA967}.Release|ARM.ActiveCfg = Release|Any CPU
		{50B3C422-BAA1-49D9-8EAA-117B276EA967}.Release|ARM.Build.0 = Release|Any CPU
		{50B3C422-BAA1-49D9-8EAA-117B276EA967}.Release|ARM64.ActiveCfg = Release|Any CPU
		{50B3C422-BAA1-49D9-8EAA-117B276EA967}.Release|ARM64.Build.0 = Release|Any CPU
		{50B3C422-BAA1-49D9-8EAA-117B276EA967}.Release|x64.ActiveCfg = Release|Any CPU
		{50B3C422-BAA1-49D9-8EAA-117B276EA967}.Release|x64.Build.0 = Release|Any CPU
		{50B3C422-BAA1-49D9-8EAA-117B276EA967}.Release|x86.ActiveCfg = Release|Any CPU
		{50B3C422-BAA1-49D9-8EAA-117B276EA967}.Release|x86.Build.0 = Release|Any CPU
		{8DBF8AE9-2CDD-458D-90EC-0CD14DA4707F}.Debug|Any CPU.ActiveCfg = Debug|Any CPU
		{8DBF8AE9-2CDD-458D-90EC-0CD14DA4707F}.Debug|Any CPU.Build.0 = Debug|Any CPU
		{8DBF8AE9-2CDD-458D-90EC-0CD14DA4707F}.Debug|Any CPU.Deploy.0 = Debug|Any CPU
		{8DBF8AE9-2CDD-458D-90EC-0CD14DA4707F}.Debug|ARM.ActiveCfg = Debug|Any CPU
		{8DBF8AE9-2CDD-458D-90EC-0CD14DA4707F}.Debug|ARM.Build.0 = Debug|Any CPU
		{8DBF8AE9-2CDD-458D-90EC-0CD14DA4707F}.Debug|ARM.Deploy.0 = Debug|Any CPU
		{8DBF8AE9-2CDD-458D-90EC-0CD14DA4707F}.Debug|ARM64.ActiveCfg = Debug|Any CPU
		{8DBF8AE9-2CDD-458D-90EC-0CD14DA4707F}.Debug|ARM64.Build.0 = Debug|Any CPU
		{8DBF8AE9-2CDD-458D-90EC-0CD14DA4707F}.Debug|ARM64.Deploy.0 = Debug|Any CPU
		{8DBF8AE9-2CDD-458D-90EC-0CD14DA4707F}.Debug|x64.ActiveCfg = Debug|Any CPU
		{8DBF8AE9-2CDD-458D-90EC-0CD14DA4707F}.Debug|x64.Build.0 = Debug|Any CPU
		{8DBF8AE9-2CDD-458D-90EC-0CD14DA4707F}.Debug|x64.Deploy.0 = Debug|Any CPU
		{8DBF8AE9-2CDD-458D-90EC-0CD14DA4707F}.Debug|x86.ActiveCfg = Debug|Any CPU
		{8DBF8AE9-2CDD-458D-90EC-0CD14DA4707F}.Debug|x86.Build.0 = Debug|Any CPU
		{8DBF8AE9-2CDD-458D-90EC-0CD14DA4707F}.Debug|x86.Deploy.0 = Debug|Any CPU
		{8DBF8AE9-2CDD-458D-90EC-0CD14DA4707F}.Release|Any CPU.ActiveCfg = Release|Any CPU
		{8DBF8AE9-2CDD-458D-90EC-0CD14DA4707F}.Release|Any CPU.Build.0 = Release|Any CPU
		{8DBF8AE9-2CDD-458D-90EC-0CD14DA4707F}.Release|Any CPU.Deploy.0 = Release|Any CPU
		{8DBF8AE9-2CDD-458D-90EC-0CD14DA4707F}.Release|ARM.ActiveCfg = Release|Any CPU
		{8DBF8AE9-2CDD-458D-90EC-0CD14DA4707F}.Release|ARM.Build.0 = Release|Any CPU
		{8DBF8AE9-2CDD-458D-90EC-0CD14DA4707F}.Release|ARM.Deploy.0 = Release|Any CPU
		{8DBF8AE9-2CDD-458D-90EC-0CD14DA4707F}.Release|ARM64.ActiveCfg = Release|Any CPU
		{8DBF8AE9-2CDD-458D-90EC-0CD14DA4707F}.Release|ARM64.Build.0 = Release|Any CPU
		{8DBF8AE9-2CDD-458D-90EC-0CD14DA4707F}.Release|ARM64.Deploy.0 = Release|Any CPU
		{8DBF8AE9-2CDD-458D-90EC-0CD14DA4707F}.Release|x64.ActiveCfg = Release|Any CPU
		{8DBF8AE9-2CDD-458D-90EC-0CD14DA4707F}.Release|x64.Build.0 = Release|Any CPU
		{8DBF8AE9-2CDD-458D-90EC-0CD14DA4707F}.Release|x64.Deploy.0 = Release|Any CPU
		{8DBF8AE9-2CDD-458D-90EC-0CD14DA4707F}.Release|x86.ActiveCfg = Release|Any CPU
		{8DBF8AE9-2CDD-458D-90EC-0CD14DA4707F}.Release|x86.Build.0 = Release|Any CPU
		{8DBF8AE9-2CDD-458D-90EC-0CD14DA4707F}.Release|x86.Deploy.0 = Release|Any CPU
	EndGlobalSection
	GlobalSection(SolutionProperties) = preSolution
		HideSolutionNode = FALSE
	EndGlobalSection
	GlobalSection(ExtensibilityGlobals) = postSolution
		SolutionGuid = {1D3764B2-E3FB-4BFE-B082-66376BF4D863}
	EndGlobalSection
EndGlobal
